github.com/Microsoft/go-winio v0.4.6/go.mod h1:VhR8bwka0BXejwEJY73c50VrPtXAaKcyvVC4A4RozmA=
github.com/Sirupsen/logrus v1.0.4 h1:yilvuj073Hm7wwwz12E96GjrdivMNuTMJk9ddjde+D8=
github.com/Sirupsen/logrus v1.0.4/go.mod h1:rmk17hk6i8ZSAJkSDa7nOxamrG+SP4P0mm+DAvExv4U=
github.com/docker/distribution v2.6.0-rc.1.0.20180105232752-277ed486c948+incompatible h1:PVtvnmmxSMUcT5AY6vG7sCCzRg3eyoW6vQvXtITC60c=
github.com/docker/distribution v2.6.0-rc.1.0.20180105232752-277ed486c948+incompatible/go.mod h1:J2gT2udsDAN96Uj4KfcMRqY0/ypR+oyYUYmja8H+y+w=
github.com/docker/docker v1.4.2-0.20170502054910-90d35abf7b35 h1:/C46Ovt6t+BTjgMe2c6K1sOJYyxGR2TY/uOP6zzO09M=
github.com/docker/docker v1.4.2-0.20170502054910-90d35abf7b35/go.mod h1:eEKB0N0r5NX/I1kEveEz05bcu8tLC/8azJZsviup8Sk=
github.com/docker/go-connections v0.3.0 h1:3lOnM9cSzgGwx8VfK/NGOW5fLQ0GjIlCkaktF+n1M6o=
github.com/docker/go-connections v0.3.0/go.mod h1:Gbd7IOopHjR8Iph03tsViu4nIes5XhDvyHbTtUxmeec=
github.com/docker/go-units v0.3.3-0.20171221200356-d59758554a3d h1:dVaNRYvaGV23AdNdsm+4y1mPN0tj3/1v6taqKMmM6Ko=
github.com/docker/go-units v0.3.3-0.20171221200356-d59758554a3d/go.mod h1:fgPhTUdO+D/Jk86RDLlptpiXQzgHJF7gydDDbaIK4Dk=
github.com/docker/libtrust v0.0.0-20160708172513-aabc10ec26b7 h1:UhxFibDNY/bfvqU5CAUmr9zpesgbU6SWc8/B4mflAE4=
github.com/docker/libtrust v0.0.0-20160708172513-aabc10ec26b7/go.mod h1:cyGadeNEkKy96OOhEzfZl+yxihPEzKnqJwvfuSUqbZE=
github.com/moby/moby v1.4.2-0.20170502054910-90d35abf7b35/go.mod h1:fDXVQ6+S340veQPv35CzDahGBmHsiclFwfEygB/TWMc=
github.com/opencontainers/go-digest v1.0.0-rc1 h1:WzifXhOVOEOuFYOJAW6aQqW0TooG2iki3E3Ii+WN7gQ=
github.com/opencontainers/go-digest v1.0.0-rc1/go.mod h1:cMLVZDEM3+U2I4VmLI6N8jQYUd2OVphdqWwCJHrFt2s=
github.com/pkg/errors v0.8.1-0.20171216070316-e881fd58d78e h1:osn9cOzd93npXpRuTFR/MPjiTvTSNHA7pqbXkPyLqQ4=
github.com/pkg/errors v0.8.1-0.20171216070316-e881fd58d78e/go.mod h1:bwawxfHBFNV+L2hUp1rHADufV3IMtnDRdf1r5NINEl0=
golang.org/x/crypto v0.0.0-20180112200814-13931e22f9e7 h1:bRxAJcr/ZrJIZeEC8Bv1hjCWUfDzHzppUajRw7oCDEY=
golang.org/x/crypto v0.0.0-20180112200814-13931e22f9e7/go.mod h1:6SG95UA2DQfeDnfUPMdvaQW0Q7yPrPDi9nlGo2tz2b4=
golang.org/x/net v0.0.0-20180112015858-5ccada7d0a7b h1:Xu6Gf1IrU0c8CSJqWR43Bh8vb+Ft3jVIUahRiqL1oaI=
golang.org/x/net v0.0.0-20180112015858-5ccada7d0a7b/go.mod h1:mL1N/T3taQHkDXs73rZJwtUhF3w3ftmwwsq0BUmARs4=
golang.org/x/sys v0.0.0-20180110071738-810d70003458 h1:LxHhdl2QyUWWmk4/68EC97b7vJkXVYf7T1LgyqONcC8=
golang.org/x/sys v0.0.0-20180110071738-810d70003458/go.mod h1:STP8DvDyc/dI5b8T5hshtkjS+E42TnysNCUPdjciGhY=
